
Microsoft Visual Studio Solution File, Format Version 12.00
# Visual Studio Version 16
VisualStudioVersion = 16.0.31105.61
MinimumVisualStudioVersion = 10.0.40219.1
Project("{FAE04EC0-301F-11D3-BF4B-00C04F79EFBC}") = "VoorpretBlog", "VoorpretBlog\VoorpretBlog.csproj", "{E58A0D83-0939-454F-90C2-121C071145A1}"
EndProject
Global
	GlobalSection(SolutionConfigurationPlatforms) = preSolution
		Debug|Any CPU = Debug|Any CPU
		Release|Any CPU = Release|Any CPU
	EndGlobalSection
	GlobalSection(ProjectConfigurationPlatforms) = postSolution
		{E58A0D83-0939-454F-90C2-121C071145A1}.Debug|Any CPU.ActiveCfg = Debug|Any CPU
		{E58A0D83-0939-454F-90C2-121C071145A1}.Debug|Any CPU.Build.0 = Debug|Any CPU
		{E58A0D83-0939-454F-90C2-121C071145A1}.Release|Any CPU.ActiveCfg = Release|Any CPU
		{E58A0D83-0939-454F-90C2-121C071145A1}.Release|Any CPU.Build.0 = Release|Any CPU
	EndGlobalSection
	GlobalSection(SolutionProperties) = preSolution
		HideSolutionNode = FALSE
	EndGlobalSection
	GlobalSection(ExtensibilityGlobals) = postSolution
		SolutionGuid = {8CF933E9-B45A-4118-BEA7-A51F23EF2D86}
	EndGlobalSection
EndGlobal
